
Microsoft Visual Studio Solution File, Format Version 12.00
# Visual Studio 15
VisualStudioVersion = 15.0.28307.1622
MinimumVisualStudioVersion = 10.0.40219.1
Project("{FAE04EC0-301F-11D3-BF4B-00C04F79EFBC}") = "EazyLearn.Oops", "Oops\EazyLearn.Oops.csproj", "{74D89C98-3FC4-40D2-8928-0FBB1492B829}"
EndProject
Global
	GlobalSection(SolutionConfigurationPlatforms) = preSolution
		Debug|Any CPU = Debug|Any CPU
		Release|Any CPU = Release|Any CPU
	EndGlobalSection
	GlobalSection(ProjectConfigurationPlatforms) = postSolution
		{74D89C98-3FC4-40D2-8928-0FBB1492B829}.Debug|Any CPU.ActiveCfg = Debug|Any CPU
		{74D89C98-3FC4-40D2-8928-0FBB1492B829}.Debug|Any CPU.Build.0 = Debug|Any CPU
		{74D89C98-3FC4-40D2-8928-0FBB1492B829}.Release|Any CPU.ActiveCfg = Release|Any CPU
		{74D89C98-3FC4-40D2-8928-0FBB1492B829}.Release|Any CPU.Build.0 = Release|Any CPU
	EndGlobalSection
	GlobalSection(SolutionProperties) = preSolution
		HideSolutionNode = FALSE
	EndGlobalSection
	GlobalSection(ExtensibilityGlobals) = postSolution
		SolutionGuid = {1A103B2F-55FF-405D-8059-AE7274A7FE0A}
	EndGlobalSection
EndGlobal
